// !$*UTF8*$!
{
	archiveVersion = 1;
	classes = {
	};
	objectVersion = 46;
	objects = {

/* Begin PBXBuildFile section */
		F138252618B91E17007F5F3D /* background.jpeg in Resources */ = {isa = PBXBuildFile; fileRef = F138252518B91E16007F5F3D /* background.jpeg */; };
		F1B8E9E918AEAD5800B7F120 /* PasscodeSettingsDurationViewController.m in Sources */ = {isa = PBXBuildFile; fileRef = F1B8E9E818AEAD5800B7F120 /* PasscodeSettingsDurationViewController.m */; };
		F1E50F9418AEA64C0011AF09 /* Foundation.framework in Frameworks */ = {isa = PBXBuildFile; fileRef = F1E50F9318AEA64C0011AF09 /* Foundation.framework */; };
		F1E50F9618AEA64C0011AF09 /* CoreGraphics.framework in Frameworks */ = {isa = PBXBuildFile; fileRef = F1E50F9518AEA64C0011AF09 /* CoreGraphics.framework */; };
		F1E50F9818AEA64C0011AF09 /* UIKit.framework in Frameworks */ = {isa = PBXBuildFile; fileRef = F1E50F9718AEA64C0011AF09 /* UIKit.framework */; };
		F1E50F9E18AEA64C0011AF09 /* InfoPlist.strings in Resources */ = {isa = PBXBuildFile; fileRef = F1E50F9C18AEA64C0011AF09 /* InfoPlist.strings */; };
		F1E50FA018AEA64C0011AF09 /* main.m in Sources */ = {isa = PBXBuildFile; fileRef = F1E50F9F18AEA64C0011AF09 /* main.m */; };
		F1E50FA418AEA64C0011AF09 /* AppDelegate.m in Sources */ = {isa = PBXBuildFile; fileRef = F1E50FA318AEA64C0011AF09 /* AppDelegate.m */; };
		F1E50FA618AEA64C0011AF09 /* Images.xcassets in Resources */ = {isa = PBXBuildFile; fileRef = F1E50FA518AEA64C0011AF09 /* Images.xcassets */; };
		F1E50FAD18AEA64C0011AF09 /* XCTest.framework in Frameworks */ = {isa = PBXBuildFile; fileRef = F1E50FAC18AEA64C0011AF09 /* XCTest.framework */; };
		F1E50FAE18AEA64C0011AF09 /* Foundation.framework in Frameworks */ = {isa = PBXBuildFile; fileRef = F1E50F9318AEA64C0011AF09 /* Foundation.framework */; };
		F1E50FAF18AEA64C0011AF09 /* UIKit.framework in Frameworks */ = {isa = PBXBuildFile; fileRef = F1E50F9718AEA64C0011AF09 /* UIKit.framework */; };
		F1E50FB718AEA64C0011AF09 /* InfoPlist.strings in Resources */ = {isa = PBXBuildFile; fileRef = F1E50FB518AEA64C0011AF09 /* InfoPlist.strings */; };
		F1E50FB918AEA64C0011AF09 /* WPiOSPasscodeLockTests.m in Sources */ = {isa = PBXBuildFile; fileRef = F1E50FB818AEA64C0011AF09 /* WPiOSPasscodeLockTests.m */; };
		F1E50FC718AEA7A10011AF09 /* SettingsViewController.m in Sources */ = {isa = PBXBuildFile; fileRef = F1E50FC618AEA7A10011AF09 /* SettingsViewController.m */; };
		F1E50FCA18AEA9770011AF09 /* PasscodeSettingsViewController.m in Sources */ = {isa = PBXBuildFile; fileRef = F1E50FC918AEA9770011AF09 /* PasscodeSettingsViewController.m */; };
		F1EFC46218B802FF00E9A798 /* FXKeychain.m in Sources */ = {isa = PBXBuildFile; fileRef = F1EFC45718B802FF00E9A798 /* FXKeychain.m */; };
		F1EFC46318B802FF00E9A798 /* PasscodeButtonStyleProvider.m in Sources */ = {isa = PBXBuildFile; fileRef = F1EFC45918B802FF00E9A798 /* PasscodeButtonStyleProvider.m */; };
		F1EFC46418B802FF00E9A798 /* PasscodeCircularButton.m in Sources */ = {isa = PBXBuildFile; fileRef = F1EFC45B18B802FF00E9A798 /* PasscodeCircularButton.m */; };
		F1EFC46518B802FF00E9A798 /* PasscodeCircularView.m in Sources */ = {isa = PBXBuildFile; fileRef = F1EFC45D18B802FF00E9A798 /* PasscodeCircularView.m */; };
		F1EFC46618B802FF00E9A798 /* PasscodeManager.m in Sources */ = {isa = PBXBuildFile; fileRef = F1EFC45F18B802FF00E9A798 /* PasscodeManager.m */; };
		F1EFC46718B802FF00E9A798 /* PasscodeViewController.m in Sources */ = {isa = PBXBuildFile; fileRef = F1EFC46118B802FF00E9A798 /* PasscodeViewController.m */; };
/* End PBXBuildFile section */

/* Begin PBXContainerItemProxy section */
		F1E50FB018AEA64C0011AF09 /* PBXContainerItemProxy */ = {
			isa = PBXContainerItemProxy;
			containerPortal = F1E50F8818AEA64C0011AF09 /* Project object */;
			proxyType = 1;
			remoteGlobalIDString = F1E50F8F18AEA64C0011AF09;
			remoteInfo = WPiOSPasscodeLock;
		};
/* End PBXContainerItemProxy section */

/* Begin PBXFileReference section */
		F138252518B91E16007F5F3D /* background.jpeg */ = {isa = PBXFileReference; lastKnownFileType = image.jpeg; path = background.jpeg; sourceTree = "<group>"; };
		F1B8E9E718AEAD5800B7F120 /* PasscodeSettingsDurationViewController.h */ = {isa = PBXFileReference; fileEncoding = 4; lastKnownFileType = sourcecode.c.h; path = PasscodeSettingsDurationViewController.h; sourceTree = "<group>"; };
		F1B8E9E818AEAD5800B7F120 /* PasscodeSettingsDurationViewController.m */ = {isa = PBXFileReference; fileEncoding = 4; lastKnownFileType = sourcecode.c.objc; path = PasscodeSettingsDurationViewController.m; sourceTree = "<group>"; };
		F1E50F9018AEA64C0011AF09 /* WPiOSPasscodeLock.app */ = {isa = PBXFileReference; explicitFileType = wrapper.application; includeInIndex = 0; path = WPiOSPasscodeLock.app; sourceTree = BUILT_PRODUCTS_DIR; };
		F1E50F9318AEA64C0011AF09 /* Foundation.framework */ = {isa = PBXFileReference; lastKnownFileType = wrapper.framework; name = Foundation.framework; path = System/Library/Frameworks/Foundation.framework; sourceTree = SDKROOT; };
		F1E50F9518AEA64C0011AF09 /* CoreGraphics.framework */ = {isa = PBXFileReference; lastKnownFileType = wrapper.framework; name = CoreGraphics.framework; path = System/Library/Frameworks/CoreGraphics.framework; sourceTree = SDKROOT; };
		F1E50F9718AEA64C0011AF09 /* UIKit.framework */ = {isa = PBXFileReference; lastKnownFileType = wrapper.framework; name = UIKit.framework; path = System/Library/Frameworks/UIKit.framework; sourceTree = SDKROOT; };
		F1E50F9B18AEA64C0011AF09 /* WPiOSPasscodeLock-Info.plist */ = {isa = PBXFileReference; lastKnownFileType = text.plist.xml; path = "WPiOSPasscodeLock-Info.plist"; sourceTree = "<group>"; };
		F1E50F9D18AEA64C0011AF09 /* en */ = {isa = PBXFileReference; lastKnownFileType = text.plist.strings; name = en; path = en.lproj/InfoPlist.strings; sourceTree = "<group>"; };
		F1E50F9F18AEA64C0011AF09 /* main.m */ = {isa = PBXFileReference; lastKnownFileType = sourcecode.c.objc; path = main.m; sourceTree = "<group>"; };
		F1E50FA118AEA64C0011AF09 /* WPiOSPasscodeLock-Prefix.pch */ = {isa = PBXFileReference; lastKnownFileType = sourcecode.c.h; path = "WPiOSPasscodeLock-Prefix.pch"; sourceTree = "<group>"; };
		F1E50FA218AEA64C0011AF09 /* AppDelegate.h */ = {isa = PBXFileReference; lastKnownFileType = sourcecode.c.h; path = AppDelegate.h; sourceTree = "<group>"; };
		F1E50FA318AEA64C0011AF09 /* AppDelegate.m */ = {isa = PBXFileReference; lastKnownFileType = sourcecode.c.objc; path = AppDelegate.m; sourceTree = "<group>"; };
		F1E50FA518AEA64C0011AF09 /* Images.xcassets */ = {isa = PBXFileReference; lastKnownFileType = folder.assetcatalog; path = Images.xcassets; sourceTree = "<group>"; };
		F1E50FAB18AEA64C0011AF09 /* WPiOSPasscodeLockTests.xctest */ = {isa = PBXFileReference; explicitFileType = wrapper.cfbundle; includeInIndex = 0; path = WPiOSPasscodeLockTests.xctest; sourceTree = BUILT_PRODUCTS_DIR; };
		F1E50FAC18AEA64C0011AF09 /* XCTest.framework */ = {isa = PBXFileReference; lastKnownFileType = wrapper.framework; name = XCTest.framework; path = Library/Frameworks/XCTest.framework; sourceTree = DEVELOPER_DIR; };
		F1E50FB418AEA64C0011AF09 /* WPiOSPasscodeLockTests-Info.plist */ = {isa = PBXFileReference; lastKnownFileType = text.plist.xml; path = "WPiOSPasscodeLockTests-Info.plist"; sourceTree = "<group>"; };
		F1E50FB618AEA64C0011AF09 /* en */ = {isa = PBXFileReference; lastKnownFileType = text.plist.strings; name = en; path = en.lproj/InfoPlist.strings; sourceTree = "<group>"; };
		F1E50FB818AEA64C0011AF09 /* WPiOSPasscodeLockTests.m */ = {isa = PBXFileReference; lastKnownFileType = sourcecode.c.objc; path = WPiOSPasscodeLockTests.m; sourceTree = "<group>"; };
		F1E50FC518AEA7A10011AF09 /* SettingsViewController.h */ = {isa = PBXFileReference; fileEncoding = 4; lastKnownFileType = sourcecode.c.h; path = SettingsViewController.h; sourceTree = "<group>"; };
		F1E50FC618AEA7A10011AF09 /* SettingsViewController.m */ = {isa = PBXFileReference; fileEncoding = 4; lastKnownFileType = sourcecode.c.objc; path = SettingsViewController.m; sourceTree = "<group>"; };
		F1E50FC818AEA9770011AF09 /* PasscodeSettingsViewController.h */ = {isa = PBXFileReference; fileEncoding = 4; lastKnownFileType = sourcecode.c.h; path = PasscodeSettingsViewController.h; sourceTree = "<group>"; };
		F1E50FC918AEA9770011AF09 /* PasscodeSettingsViewController.m */ = {isa = PBXFileReference; fileEncoding = 4; lastKnownFileType = sourcecode.c.objc; path = PasscodeSettingsViewController.m; sourceTree = "<group>"; };
		F1EFC45618B802FF00E9A798 /* FXKeychain.h */ = {isa = PBXFileReference; fileEncoding = 4; lastKnownFileType = sourcecode.c.h; name = FXKeychain.h; path = ../../iOSPasscodeLock/FXKeychain.h; sourceTree = "<group>"; };
		F1EFC45718B802FF00E9A798 /* FXKeychain.m */ = {isa = PBXFileReference; fileEncoding = 4; lastKnownFileType = sourcecode.c.objc; name = FXKeychain.m; path = ../../iOSPasscodeLock/FXKeychain.m; sourceTree = "<group>"; };
		F1EFC45818B802FF00E9A798 /* PasscodeButtonStyleProvider.h */ = {isa = PBXFileReference; fileEncoding = 4; lastKnownFileType = sourcecode.c.h; name = PasscodeButtonStyleProvider.h; path = ../../iOSPasscodeLock/PasscodeButtonStyleProvider.h; sourceTree = "<group>"; };
		F1EFC45918B802FF00E9A798 /* PasscodeButtonStyleProvider.m */ = {isa = PBXFileReference; fileEncoding = 4; lastKnownFileType = sourcecode.c.objc; name = PasscodeButtonStyleProvider.m; path = ../../iOSPasscodeLock/PasscodeButtonStyleProvider.m; sourceTree = "<group>"; };
		F1EFC45A18B802FF00E9A798 /* PasscodeCircularButton.h */ = {isa = PBXFileReference; fileEncoding = 4; lastKnownFileType = sourcecode.c.h; name = PasscodeCircularButton.h; path = ../../iOSPasscodeLock/PasscodeCircularButton.h; sourceTree = "<group>"; };
		F1EFC45B18B802FF00E9A798 /* PasscodeCircularButton.m */ = {isa = PBXFileReference; fileEncoding = 4; lastKnownFileType = sourcecode.c.objc; name = PasscodeCircularButton.m; path = ../../iOSPasscodeLock/PasscodeCircularButton.m; sourceTree = "<group>"; };
		F1EFC45C18B802FF00E9A798 /* PasscodeCircularView.h */ = {isa = PBXFileReference; fileEncoding = 4; lastKnownFileType = sourcecode.c.h; name = PasscodeCircularView.h; path = ../../iOSPasscodeLock/PasscodeCircularView.h; sourceTree = "<group>"; };
		F1EFC45D18B802FF00E9A798 /* PasscodeCircularView.m */ = {isa = PBXFileReference; fileEncoding = 4; lastKnownFileType = sourcecode.c.objc; name = PasscodeCircularView.m; path = ../../iOSPasscodeLock/PasscodeCircularView.m; sourceTree = "<group>"; };
		F1EFC45E18B802FF00E9A798 /* PasscodeManager.h */ = {isa = PBXFileReference; fileEncoding = 4; lastKnownFileType = sourcecode.c.h; name = PasscodeManager.h; path = ../../iOSPasscodeLock/PasscodeManager.h; sourceTree = "<group>"; };
		F1EFC45F18B802FF00E9A798 /* PasscodeManager.m */ = {isa = PBXFileReference; fileEncoding = 4; lastKnownFileType = sourcecode.c.objc; name = PasscodeManager.m; path = ../../iOSPasscodeLock/PasscodeManager.m; sourceTree = "<group>"; };
		F1EFC46018B802FF00E9A798 /* PasscodeViewController.h */ = {isa = PBXFileReference; fileEncoding = 4; lastKnownFileType = sourcecode.c.h; name = PasscodeViewController.h; path = ../../iOSPasscodeLock/PasscodeViewController.h; sourceTree = "<group>"; };
		F1EFC46118B802FF00E9A798 /* PasscodeViewController.m */ = {isa = PBXFileReference; fileEncoding = 4; lastKnownFileType = sourcecode.c.objc; name = PasscodeViewController.m; path = ../../iOSPasscodeLock/PasscodeViewController.m; sourceTree = "<group>"; };
/* End PBXFileReference section */

/* Begin PBXFrameworksBuildPhase section */
		F1E50F8D18AEA64C0011AF09 /* Frameworks */ = {
			isa = PBXFrameworksBuildPhase;
			buildActionMask = 2147483647;
			files = (
				F1E50F9618AEA64C0011AF09 /* CoreGraphics.framework in Frameworks */,
				F1E50F9818AEA64C0011AF09 /* UIKit.framework in Frameworks */,
				F1E50F9418AEA64C0011AF09 /* Foundation.framework in Frameworks */,
			);
			runOnlyForDeploymentPostprocessing = 0;
		};
		F1E50FA818AEA64C0011AF09 /* Frameworks */ = {
			isa = PBXFrameworksBuildPhase;
			buildActionMask = 2147483647;
			files = (
				F1E50FAD18AEA64C0011AF09 /* XCTest.framework in Frameworks */,
				F1E50FAF18AEA64C0011AF09 /* UIKit.framework in Frameworks */,
				F1E50FAE18AEA64C0011AF09 /* Foundation.framework in Frameworks */,
			);
			runOnlyForDeploymentPostprocessing = 0;
		};
/* End PBXFrameworksBuildPhase section */

/* Begin PBXGroup section */
		F10E1A0618AFCAC5007C9E4B /* iOSPasscodeLock */ = {
			isa = PBXGroup;
			children = (
				F1EFC46B18B803B000E9A798 /* Model */,
				F1EFC46A18B8034900E9A798 /* View */,
				F1EFC46918B8033900E9A798 /* Controller */,
				F1EFC46818B8033100E9A798 /* Util */,
				F1EFC45E18B802FF00E9A798 /* PasscodeManager.h */,
				F1EFC45F18B802FF00E9A798 /* PasscodeManager.m */,
			);
			name = iOSPasscodeLock;
			sourceTree = "<group>";
		};
		F1E50F8718AEA64C0011AF09 = {
			isa = PBXGroup;
			children = (
				F1E50F9918AEA64C0011AF09 /* WPiOSPasscodeLock */,
				F1E50FB218AEA64C0011AF09 /* WPiOSPasscodeLockTests */,
				F1E50F9218AEA64C0011AF09 /* Frameworks */,
				F1E50F9118AEA64C0011AF09 /* Products */,
			);
			sourceTree = "<group>";
		};
		F1E50F9118AEA64C0011AF09 /* Products */ = {
			isa = PBXGroup;
			children = (
				F1E50F9018AEA64C0011AF09 /* WPiOSPasscodeLock.app */,
				F1E50FAB18AEA64C0011AF09 /* WPiOSPasscodeLockTests.xctest */,
			);
			name = Products;
			sourceTree = "<group>";
		};
		F1E50F9218AEA64C0011AF09 /* Frameworks */ = {
			isa = PBXGroup;
			children = (
				F1E50F9318AEA64C0011AF09 /* Foundation.framework */,
				F1E50F9518AEA64C0011AF09 /* CoreGraphics.framework */,
				F1E50F9718AEA64C0011AF09 /* UIKit.framework */,
				F1E50FAC18AEA64C0011AF09 /* XCTest.framework */,
			);
			name = Frameworks;
			sourceTree = "<group>";
		};
		F1E50F9918AEA64C0011AF09 /* WPiOSPasscodeLock */ = {
			isa = PBXGroup;
			children = (
				F10E1A0618AFCAC5007C9E4B /* iOSPasscodeLock */,
				F1E50FA218AEA64C0011AF09 /* AppDelegate.h */,
				F1E50FA318AEA64C0011AF09 /* AppDelegate.m */,
				F1E50FC518AEA7A10011AF09 /* SettingsViewController.h */,
				F1E50FC618AEA7A10011AF09 /* SettingsViewController.m */,
				F1E50FC818AEA9770011AF09 /* PasscodeSettingsViewController.h */,
				F1E50FC918AEA9770011AF09 /* PasscodeSettingsViewController.m */,
				F1B8E9E718AEAD5800B7F120 /* PasscodeSettingsDurationViewController.h */,
				F1B8E9E818AEAD5800B7F120 /* PasscodeSettingsDurationViewController.m */,
				F1E50FA518AEA64C0011AF09 /* Images.xcassets */,
				F1E50F9A18AEA64C0011AF09 /* Supporting Files */,
			);
			path = WPiOSPasscodeLock;
			sourceTree = "<group>";
		};
		F1E50F9A18AEA64C0011AF09 /* Supporting Files */ = {
			isa = PBXGroup;
			children = (
				F138252518B91E16007F5F3D /* background.jpeg */,
				F1E50F9B18AEA64C0011AF09 /* WPiOSPasscodeLock-Info.plist */,
				F1E50F9C18AEA64C0011AF09 /* InfoPlist.strings */,
				F1E50F9F18AEA64C0011AF09 /* main.m */,
				F1E50FA118AEA64C0011AF09 /* WPiOSPasscodeLock-Prefix.pch */,
			);
			name = "Supporting Files";
			sourceTree = "<group>";
		};
		F1E50FB218AEA64C0011AF09 /* WPiOSPasscodeLockTests */ = {
			isa = PBXGroup;
			children = (
				F1E50FB818AEA64C0011AF09 /* WPiOSPasscodeLockTests.m */,
				F1E50FB318AEA64C0011AF09 /* Supporting Files */,
			);
			path = WPiOSPasscodeLockTests;
			sourceTree = "<group>";
		};
		F1E50FB318AEA64C0011AF09 /* Supporting Files */ = {
			isa = PBXGroup;
			children = (
				F1E50FB418AEA64C0011AF09 /* WPiOSPasscodeLockTests-Info.plist */,
				F1E50FB518AEA64C0011AF09 /* InfoPlist.strings */,
			);
			name = "Supporting Files";
			sourceTree = "<group>";
		};
		F1EFC46818B8033100E9A798 /* Util */ = {
			isa = PBXGroup;
			children = (
				F1EFC45618B802FF00E9A798 /* FXKeychain.h */,
				F1EFC45718B802FF00E9A798 /* FXKeychain.m */,
			);
			name = Util;
			sourceTree = "<group>";
		};
		F1EFC46918B8033900E9A798 /* Controller */ = {
			isa = PBXGroup;
			children = (
				F1EFC46018B802FF00E9A798 /* PasscodeViewController.h */,
				F1EFC46118B802FF00E9A798 /* PasscodeViewController.m */,
			);
			name = Controller;
			sourceTree = "<group>";
		};
		F1EFC46A18B8034900E9A798 /* View */ = {
			isa = PBXGroup;
			children = (
				F1EFC45A18B802FF00E9A798 /* PasscodeCircularButton.h */,
				F1EFC45B18B802FF00E9A798 /* PasscodeCircularButton.m */,
				F1EFC45C18B802FF00E9A798 /* PasscodeCircularView.h */,
				F1EFC45D18B802FF00E9A798 /* PasscodeCircularView.m */,
			);
			name = View;
			sourceTree = "<group>";
		};
		F1EFC46B18B803B000E9A798 /* Model */ = {
			isa = PBXGroup;
			children = (
				F1EFC45818B802FF00E9A798 /* PasscodeButtonStyleProvider.h */,
				F1EFC45918B802FF00E9A798 /* PasscodeButtonStyleProvider.m */,
			);
			name = Model;
			sourceTree = "<group>";
		};
/* End PBXGroup section */

/* Begin PBXNativeTarget section */
		F1E50F8F18AEA64C0011AF09 /* WPiOSPasscodeLock */ = {
			isa = PBXNativeTarget;
			buildConfigurationList = F1E50FBC18AEA64C0011AF09 /* Build configuration list for PBXNativeTarget "WPiOSPasscodeLock" */;
			buildPhases = (
				F1E50F8C18AEA64C0011AF09 /* Sources */,
				F1E50F8D18AEA64C0011AF09 /* Frameworks */,
				F1E50F8E18AEA64C0011AF09 /* Resources */,
			);
			buildRules = (
			);
			dependencies = (
			);
			name = WPiOSPasscodeLock;
			productName = WPiOSPasscodeLock;
			productReference = F1E50F9018AEA64C0011AF09 /* WPiOSPasscodeLock.app */;
			productType = "com.apple.product-type.application";
		};
		F1E50FAA18AEA64C0011AF09 /* WPiOSPasscodeLockTests */ = {
			isa = PBXNativeTarget;
			buildConfigurationList = F1E50FBF18AEA64C0011AF09 /* Build configuration list for PBXNativeTarget "WPiOSPasscodeLockTests" */;
			buildPhases = (
				F1E50FA718AEA64C0011AF09 /* Sources */,
				F1E50FA818AEA64C0011AF09 /* Frameworks */,
				F1E50FA918AEA64C0011AF09 /* Resources */,
			);
			buildRules = (
			);
			dependencies = (
				F1E50FB118AEA64C0011AF09 /* PBXTargetDependency */,
			);
			name = WPiOSPasscodeLockTests;
			productName = WPiOSPasscodeLockTests;
			productReference = F1E50FAB18AEA64C0011AF09 /* WPiOSPasscodeLockTests.xctest */;
			productType = "com.apple.product-type.bundle.unit-test";
		};
/* End PBXNativeTarget section */

/* Begin PBXProject section */
		F1E50F8818AEA64C0011AF09 /* Project object */ = {
			isa = PBXProject;
			attributes = {
				LastUpgradeCheck = 0500;
				ORGANIZATIONNAME = "Basar Akyelli";
				TargetAttributes = {
					F1E50FAA18AEA64C0011AF09 = {
						TestTargetID = F1E50F8F18AEA64C0011AF09;
					};
				};
			};
			buildConfigurationList = F1E50F8B18AEA64C0011AF09 /* Build configuration list for PBXProject "WPiOSPasscodeLock" */;
			compatibilityVersion = "Xcode 3.2";
			developmentRegion = English;
			hasScannedForEncodings = 0;
			knownRegions = (
				en,
			);
			mainGroup = F1E50F8718AEA64C0011AF09;
			productRefGroup = F1E50F9118AEA64C0011AF09 /* Products */;
			projectDirPath = "";
			projectRoot = "";
			targets = (
				F1E50F8F18AEA64C0011AF09 /* WPiOSPasscodeLock */,
				F1E50FAA18AEA64C0011AF09 /* WPiOSPasscodeLockTests */,
			);
		};
/* End PBXProject section */

/* Begin PBXResourcesBuildPhase section */
		F1E50F8E18AEA64C0011AF09 /* Resources */ = {
			isa = PBXResourcesBuildPhase;
			buildActionMask = 2147483647;
			files = (
				F138252618B91E17007F5F3D /* background.jpeg in Resources */,
				F1E50F9E18AEA64C0011AF09 /* InfoPlist.strings in Resources */,
				F1E50FA618AEA64C0011AF09 /* Images.xcassets in Resources */,
			);
			runOnlyForDeploymentPostprocessing = 0;
		};
		F1E50FA918AEA64C0011AF09 /* Resources */ = {
			isa = PBXResourcesBuildPhase;
			buildActionMask = 2147483647;
			files = (
				F1E50FB718AEA64C0011AF09 /* InfoPlist.strings in Resources */,
			);
			runOnlyForDeploymentPostprocessing = 0;
		};
/* End PBXResourcesBuildPhase section */

/* Begin PBXSourcesBuildPhase section */
		F1E50F8C18AEA64C0011AF09 /* Sources */ = {
			isa = PBXSourcesBuildPhase;
			buildActionMask = 2147483647;
			files = (
				F1E50FCA18AEA9770011AF09 /* PasscodeSettingsViewController.m in Sources */,
				F1EFC46318B802FF00E9A798 /* PasscodeButtonStyleProvider.m in Sources */,
				F1B8E9E918AEAD5800B7F120 /* PasscodeSettingsDurationViewController.m in Sources */,
				F1E50FA418AEA64C0011AF09 /* AppDelegate.m in Sources */,
				F1E50FA018AEA64C0011AF09 /* main.m in Sources */,
				F1E50FC718AEA7A10011AF09 /* SettingsViewController.m in Sources */,
				F1EFC46718B802FF00E9A798 /* PasscodeViewController.m in Sources */,
				F1EFC46418B802FF00E9A798 /* PasscodeCircularButton.m in Sources */,
				F1EFC46618B802FF00E9A798 /* PasscodeManager.m in Sources */,
				F1EFC46518B802FF00E9A798 /* PasscodeCircularView.m in Sources */,
				F1EFC46218B802FF00E9A798 /* FXKeychain.m in Sources */,
			);
			runOnlyForDeploymentPostprocessing = 0;
		};
		F1E50FA718AEA64C0011AF09 /* Sources */ = {
			isa = PBXSourcesBuildPhase;
			buildActionMask = 2147483647;
			files = (
				F1E50FB918AEA64C0011AF09 /* WPiOSPasscodeLockTests.m in Sources */,
			);
			runOnlyForDeploymentPostprocessing = 0;
		};
/* End PBXSourcesBuildPhase section */

/* Begin PBXTargetDependency section */
		F1E50FB118AEA64C0011AF09 /* PBXTargetDependency */ = {
			isa = PBXTargetDependency;
			target = F1E50F8F18AEA64C0011AF09 /* WPiOSPasscodeLock */;
			targetProxy = F1E50FB018AEA64C0011AF09 /* PBXContainerItemProxy */;
		};
/* End PBXTargetDependency section */

/* Begin PBXVariantGroup section */
		F1E50F9C18AEA64C0011AF09 /* InfoPlist.strings */ = {
			isa = PBXVariantGroup;
			children = (
				F1E50F9D18AEA64C0011AF09 /* en */,
			);
			name = InfoPlist.strings;
			sourceTree = "<group>";
		};
		F1E50FB518AEA64C0011AF09 /* InfoPlist.strings */ = {
			isa = PBXVariantGroup;
			children = (
				F1E50FB618AEA64C0011AF09 /* en */,
			);
			name = InfoPlist.strings;
			sourceTree = "<group>";
		};
/* End PBXVariantGroup section */

/* Begin XCBuildConfiguration section */
		F1E50FBA18AEA64C0011AF09 /* Debug */ = {
			isa = XCBuildConfiguration;
			buildSettings = {
				ALWAYS_SEARCH_USER_PATHS = NO;
				ARCHS = "$(ARCHS_STANDARD_INCLUDING_64_BIT)";
				CLANG_CXX_LANGUAGE_STANDARD = "gnu++0x";
				CLANG_CXX_LIBRARY = "libc++";
				CLANG_ENABLE_MODULES = YES;
				CLANG_ENABLE_OBJC_ARC = YES;
				CLANG_WARN_BOOL_CONVERSION = YES;
				CLANG_WARN_CONSTANT_CONVERSION = YES;
				CLANG_WARN_DIRECT_OBJC_ISA_USAGE = YES_ERROR;
				CLANG_WARN_EMPTY_BODY = YES;
				CLANG_WARN_ENUM_CONVERSION = YES;
				CLANG_WARN_INT_CONVERSION = YES;
				CLANG_WARN_OBJC_ROOT_CLASS = YES_ERROR;
				CLANG_WARN__DUPLICATE_METHOD_MATCH = YES;
				"CODE_SIGN_IDENTITY[sdk=iphoneos*]" = "iPhone Developer";
				COPY_PHASE_STRIP = NO;
				GCC_C_LANGUAGE_STANDARD = gnu99;
				GCC_DYNAMIC_NO_PIC = NO;
				GCC_OPTIMIZATION_LEVEL = 0;
				GCC_PREPROCESSOR_DEFINITIONS = (
					"DEBUG=1",
					"$(inherited)",
				);
				GCC_SYMBOLS_PRIVATE_EXTERN = NO;
				GCC_WARN_64_TO_32_BIT_CONVERSION = YES;
				GCC_WARN_ABOUT_RETURN_TYPE = YES_ERROR;
				GCC_WARN_UNDECLARED_SELECTOR = YES;
				GCC_WARN_UNINITIALIZED_AUTOS = YES;
				GCC_WARN_UNUSED_FUNCTION = YES;
				GCC_WARN_UNUSED_VARIABLE = YES;
				IPHONEOS_DEPLOYMENT_TARGET = 7.0;
				ONLY_ACTIVE_ARCH = YES;
				SDKROOT = iphoneos;
				TARGETED_DEVICE_FAMILY = "1,2";
			};
			name = Debug;
		};
		F1E50FBB18AEA64C0011AF09 /* Release */ = {
			isa = XCBuildConfiguration;
			buildSettings = {
				ALWAYS_SEARCH_USER_PATHS = NO;
				ARCHS = "$(ARCHS_STANDARD_INCLUDING_64_BIT)";
				CLANG_CXX_LANGUAGE_STANDARD = "gnu++0x";
				CLANG_CXX_LIBRARY = "libc++";
				CLANG_ENABLE_MODULES = YES;
				CLANG_ENABLE_OBJC_ARC = YES;
				CLANG_WARN_BOOL_CONVERSION = YES;
				CLANG_WARN_CONSTANT_CONVERSION = YES;
				CLANG_WARN_DIRECT_OBJC_ISA_USAGE = YES_ERROR;
				CLANG_WARN_EMPTY_BODY = YES;
				CLANG_WARN_ENUM_CONVERSION = YES;
				CLANG_WARN_INT_CONVERSION = YES;
				CLANG_WARN_OBJC_ROOT_CLASS = YES_ERROR;
				CLANG_WARN__DUPLICATE_METHOD_MATCH = YES;
				"CODE_SIGN_IDENTITY[sdk=iphoneos*]" = "iPhone Developer";
				COPY_PHASE_STRIP = YES;
				ENABLE_NS_ASSERTIONS = NO;
				GCC_C_LANGUAGE_STANDARD = gnu99;
				GCC_WARN_64_TO_32_BIT_CONVERSION = YES;
				GCC_WARN_ABOUT_RETURN_TYPE = YES_ERROR;
				GCC_WARN_UNDECLARED_SELECTOR = YES;
				GCC_WARN_UNINITIALIZED_AUTOS = YES;
				GCC_WARN_UNUSED_FUNCTION = YES;
				GCC_WARN_UNUSED_VARIABLE = YES;
				IPHONEOS_DEPLOYMENT_TARGET = 7.0;
				SDKROOT = iphoneos;
				TARGETED_DEVICE_FAMILY = "1,2";
				VALIDATE_PRODUCT = YES;
			};
			name = Release;
		};
		F1E50FBD18AEA64C0011AF09 /* Debug */ = {
			isa = XCBuildConfiguration;
			buildSettings = {
				ASSETCATALOG_COMPILER_APPICON_NAME = AppIcon;
				ASSETCATALOG_COMPILER_LAUNCHIMAGE_NAME = LaunchImage;
				GCC_PRECOMPILE_PREFIX_HEADER = YES;
				GCC_PREFIX_HEADER = "WPiOSPasscodeLock/WPiOSPasscodeLock-Prefix.pch";
				INFOPLIST_FILE = "WPiOSPasscodeLock/WPiOSPasscodeLock-Info.plist";
				PRODUCT_NAME = "$(TARGET_NAME)";
				WRAPPER_EXTENSION = app;
			};
			name = Debug;
		};
		F1E50FBE18AEA64C0011AF09 /* Release */ = {
			isa = XCBuildConfiguration;
			buildSettings = {
				ASSETCATALOG_COMPILER_APPICON_NAME = AppIcon;
				ASSETCATALOG_COMPILER_LAUNCHIMAGE_NAME = LaunchImage;
				GCC_PRECOMPILE_PREFIX_HEADER = YES;
				GCC_PREFIX_HEADER = "WPiOSPasscodeLock/WPiOSPasscodeLock-Prefix.pch";
				INFOPLIST_FILE = "WPiOSPasscodeLock/WPiOSPasscodeLock-Info.plist";
				PRODUCT_NAME = "$(TARGET_NAME)";
				WRAPPER_EXTENSION = app;
			};
			name = Release;
		};
		F1E50FC018AEA64C0011AF09 /* Debug */ = {
			isa = XCBuildConfiguration;
			buildSettings = {
				ARCHS = "$(ARCHS_STANDARD_INCLUDING_64_BIT)";
				BUNDLE_LOADER = "$(BUILT_PRODUCTS_DIR)/WPiOSPasscodeLock.app/WPiOSPasscodeLock";
				FRAMEWORK_SEARCH_PATHS = (
					"$(SDKROOT)/Developer/Library/Frameworks",
					"$(inherited)",
					"$(DEVELOPER_FRAMEWORKS_DIR)",
				);
				GCC_PRECOMPILE_PREFIX_HEADER = YES;
				GCC_PREFIX_HEADER = "WPiOSPasscodeLock/WPiOSPasscodeLock-Prefix.pch";
				GCC_PREPROCESSOR_DEFINITIONS = (
					"DEBUG=1",
					"$(inherited)",
				);
				INFOPLIST_FILE = "WPiOSPasscodeLockTests/WPiOSPasscodeLockTests-Info.plist";
				PRODUCT_NAME = "$(TARGET_NAME)";
				TEST_HOST = "$(BUNDLE_LOADER)";
				WRAPPER_EXTENSION = xctest;
			};
			name = Debug;
		};
		F1E50FC118AEA64C0011AF09 /* Release */ = {
			isa = XCBuildConfiguration;
			buildSettings = {
				ARCHS = "$(ARCHS_STANDARD_INCLUDING_64_BIT)";
				BUNDLE_LOADER = "$(BUILT_PRODUCTS_DIR)/WPiOSPasscodeLock.app/WPiOSPasscodeLock";
				FRAMEWORK_SEARCH_PATHS = (
					"$(SDKROOT)/Developer/Library/Frameworks",
					"$(inherited)",
					"$(DEVELOPER_FRAMEWORKS_DIR)",
				);
				GCC_PRECOMPILE_PREFIX_HEADER = YES;
				GCC_PREFIX_HEADER = "WPiOSPasscodeLock/WPiOSPasscodeLock-Prefix.pch";
				INFOPLIST_FILE = "WPiOSPasscodeLockTests/WPiOSPasscodeLockTests-Info.plist";
				PRODUCT_NAME = "$(TARGET_NAME)";
				TEST_HOST = "$(BUNDLE_LOADER)";
				WRAPPER_EXTENSION = xctest;
			};
			name = Release;
		};
/* End XCBuildConfiguration section */

/* Begin XCConfigurationList section */
		F1E50F8B18AEA64C0011AF09 /* Build configuration list for PBXProject "WPiOSPasscodeLock" */ = {
			isa = XCConfigurationList;
			buildConfigurations = (
				F1E50FBA18AEA64C0011AF09 /* Debug */,
				F1E50FBB18AEA64C0011AF09 /* Release */,
			);
			defaultConfigurationIsVisible = 0;
			defaultConfigurationName = Release;
		};
		F1E50FBC18AEA64C0011AF09 /* Build configuration list for PBXNativeTarget "WPiOSPasscodeLock" */ = {
			isa = XCConfigurationList;
			buildConfigurations = (
				F1E50FBD18AEA64C0011AF09 /* Debug */,
				F1E50FBE18AEA64C0011AF09 /* Release */,
			);
			defaultConfigurationIsVisible = 0;
			defaultConfigurationName = Release;
		};
		F1E50FBF18AEA64C0011AF09 /* Build configuration list for PBXNativeTarget "WPiOSPasscodeLockTests" */ = {
			isa = XCConfigurationList;
			buildConfigurations = (
				F1E50FC018AEA64C0011AF09 /* Debug */,
				F1E50FC118AEA64C0011AF09 /* Release */,
			);
			defaultConfigurationIsVisible = 0;
			defaultConfigurationName = Release;
		};
/* End XCConfigurationList section */
	};
	rootObject = F1E50F8818AEA64C0011AF09 /* Project object */;
}
